// !$*UTF8*$!
{
	archiveVersion = 1;
	classes = {
	};
	objectVersion = 46;
	objects = {

/* Begin PBXBuildFile section */
		1A027A6E1D40D18D0033B605 /* LemmaCell.swift in Sources */ = {isa = PBXBuildFile; fileRef = 1A027A6D1D40D18D0033B605 /* LemmaCell.swift */; };
		1A027A701D40D2AD0033B605 /* LemmaHeaderCell.swift in Sources */ = {isa = PBXBuildFile; fileRef = 1A027A6F1D40D2AD0033B605 /* LemmaHeaderCell.swift */; };
		1A027A721D40D4740033B605 /* LemmaContinuationCell.swift in Sources */ = {isa = PBXBuildFile; fileRef = 1A027A711D40D4740033B605 /* LemmaContinuationCell.swift */; };
		1A027A741D40EE950033B605 /* UIKitExtensions.swift in Sources */ = {isa = PBXBuildFile; fileRef = 1A027A731D40EE950033B605 /* UIKitExtensions.swift */; };
		1A027A761D410C720033B605 /* SearchResultsController.swift in Sources */ = {isa = PBXBuildFile; fileRef = 1A027A751D410C720033B605 /* SearchResultsController.swift */; };
		1A12C2321D0ED36D00A16796 /* CustomErrors.swift in Sources */ = {isa = PBXBuildFile; fileRef = 1A12C2311D0ED36D00A16796 /* CustomErrors.swift */; };
		1A37763D1D3E3C3800FCDE4B /* SearchTableViewController.swift in Sources */ = {isa = PBXBuildFile; fileRef = 1A37763C1D3E3C3800FCDE4B /* SearchTableViewController.swift */; };
		1A400C9E1D48C6A800638C00 /* TableOfContentsTableViewController.swift in Sources */ = {isa = PBXBuildFile; fileRef = 1A400C9D1D48C6A800638C00 /* TableOfContentsTableViewController.swift */; };
		1A408DB21D4A4B130094368E /* InfoPlist.strings in Resources */ = {isa = PBXBuildFile; fileRef = 1A408DB41D4A4B130094368E /* InfoPlist.strings */; };
		1A408DB71D4A4B140094368E /* InfoPlist.strings in Resources */ = {isa = PBXBuildFile; fileRef = 1A408DB91D4A4B140094368E /* InfoPlist.strings */; };
		1A408DBC1D4A4B150094368E /* InfoPlist.strings in Resources */ = {isa = PBXBuildFile; fileRef = 1A408DBE1D4A4B150094368E /* InfoPlist.strings */; };
		1A4547261D16F3580003BA2F /* DictionaryViewController.swift in Sources */ = {isa = PBXBuildFile; fileRef = 1A4547251D16F3580003BA2F /* DictionaryViewController.swift */; };
		1A5C5C681D479F9100175041 /* DynamicTextTableViewController.swift in Sources */ = {isa = PBXBuildFile; fileRef = 1A5C5C671D479F9100175041 /* DynamicTextTableViewController.swift */; };
		1A8375E71D251EAA00B31980 /* IndonesianLanguageHelper.swift in Sources */ = {isa = PBXBuildFile; fileRef = 1A8375E61D251EAA00B31980 /* IndonesianLanguageHelper.swift */; };
		1A8375E91D251ED400B31980 /* LanguageHelper.swift in Sources */ = {isa = PBXBuildFile; fileRef = 1A8375E81D251ED400B31980 /* LanguageHelper.swift */; };
		1A8375EB1D2522A700B31980 /* SpeechTextLexer.swift in Sources */ = {isa = PBXBuildFile; fileRef = 1A8375EA1D2522A700B31980 /* SpeechTextLexer.swift */; };
		1A8375ED1D25503000B31980 /* DutchLanguageHelper.swift in Sources */ = {isa = PBXBuildFile; fileRef = 1A8375EC1D25503000B31980 /* DutchLanguageHelper.swift */; };
		1A96D2051D44556A00261F66 /* PreferredFont.swift in Sources */ = {isa = PBXBuildFile; fileRef = 1A96D2041D44556A00261F66 /* PreferredFont.swift */; };
		1A96D20F1D45309D00261F66 /* PublicationTableViewCell.swift in Sources */ = {isa = PBXBuildFile; fileRef = 1A96D20E1D45309D00261F66 /* PublicationTableViewCell.swift */; };
		1AAC66A21D4B4BD7000A268B /* Localizable.strings in Resources */ = {isa = PBXBuildFile; fileRef = 1AAC66A41D4B4BD7000A268B /* Localizable.strings */; };
		1AB995561D0715D60039FF6E /* AppDelegate.swift in Sources */ = {isa = PBXBuildFile; fileRef = 1AB995551D0715D60039FF6E /* AppDelegate.swift */; };
		1AB9955B1D0715D60039FF6E /* Main.storyboard in Resources */ = {isa = PBXBuildFile; fileRef = 1AB995591D0715D60039FF6E /* Main.storyboard */; };
		1AB9955D1D0715D60039FF6E /* Assets.xcassets in Resources */ = {isa = PBXBuildFile; fileRef = 1AB9955C1D0715D60039FF6E /* Assets.xcassets */; };
		1AB995601D0715D60039FF6E /* LaunchScreen.storyboard in Resources */ = {isa = PBXBuildFile; fileRef = 1AB9955E1D0715D60039FF6E /* LaunchScreen.storyboard */; };
		1AB9956B1D0715D60039FF6E /* BelajarTests.swift in Sources */ = {isa = PBXBuildFile; fileRef = 1AB9956A1D0715D60039FF6E /* BelajarTests.swift */; };
		1AB995761D0715D60039FF6E /* BelajarUITests.swift in Sources */ = {isa = PBXBuildFile; fileRef = 1AB995751D0715D60039FF6E /* BelajarUITests.swift */; };
		1ABDFB2D1D2690D600D84677 /* IndonesianLanguageHelperTests.swift in Sources */ = {isa = PBXBuildFile; fileRef = 1ABDFB2C1D2690D600D84677 /* IndonesianLanguageHelperTests.swift */; };
		1ABDFB2F1D27B87700D84677 /* Constants.swift in Sources */ = {isa = PBXBuildFile; fileRef = 1ABDFB2E1D27B87700D84677 /* Constants.swift */; };
		1ABE36391D5253B600B2BF4C /* LibraryCollectionViewController.swift in Sources */ = {isa = PBXBuildFile; fileRef = 1ABE36381D5253B600B2BF4C /* LibraryCollectionViewController.swift */; };
		1ABE363B1D52774D00B2BF4C /* LibraryCollectionViewCell.swift in Sources */ = {isa = PBXBuildFile; fileRef = 1ABE363A1D52774D00B2BF4C /* LibraryCollectionViewCell.swift */; };
		1AC8F9151D4CBB2800CB9F76 /* MainMenuTableViewController.swift in Sources */ = {isa = PBXBuildFile; fileRef = 1AC8F9141D4CBB2800CB9F76 /* MainMenuTableViewController.swift */; };
		1ACA705C1D417989004536E0 /* AttributedStringHelper.swift in Sources */ = {isa = PBXBuildFile; fileRef = 1ACA705B1D417989004536E0 /* AttributedStringHelper.swift */; };
		1ACA705E1D437DC4004536E0 /* LemmaReferenceCell.swift in Sources */ = {isa = PBXBuildFile; fileRef = 1ACA705D1D437DC4004536E0 /* LemmaReferenceCell.swift */; };
		1AD397A41D11A54500365164 /* PublicationViewController.swift in Sources */ = {isa = PBXBuildFile; fileRef = 1AD397A31D11A54500365164 /* PublicationViewController.swift */; };
		1AD397A61D11B20500365164 /* ArticleViewController.swift in Sources */ = {isa = PBXBuildFile; fileRef = 1AD397A51D11B20500365164 /* ArticleViewController.swift */; };
		1AD397AA1D11E13200365164 /* www in Resources */ = {isa = PBXBuildFile; fileRef = 1AD397A91D11E13200365164 /* www */; };
		1AD758921D34FEC9004756C4 /* DictionaryPopoverService.swift in Sources */ = {isa = PBXBuildFile; fileRef = 1AD758911D34FEC9004756C4 /* DictionaryPopoverService.swift */; };
		1AD758961D353C79004756C4 /* DictionaryPopoverController.swift in Sources */ = {isa = PBXBuildFile; fileRef = 1AD758951D353C79004756C4 /* DictionaryPopoverController.swift */; };
		1AD9C4561D5362A200E871AE /* harmani.png in Resources */ = {isa = PBXBuildFile; fileRef = 1AD9C4551D5362A200E871AE /* harmani.png */; };
		1AD9C4581D5367AB00E871AE /* wat-en-hoe.png in Resources */ = {isa = PBXBuildFile; fileRef = 1AD9C4571D5367AB00E871AE /* wat-en-hoe.png */; };
		1AD9C45A1D53699600E871AE /* vandale-nl-id.png in Resources */ = {isa = PBXBuildFile; fileRef = 1AD9C4591D53699600E871AE /* vandale-nl-id.png */; };
		1AD9C45C1D536B7500E871AE /* sneddon.png in Resources */ = {isa = PBXBuildFile; fileRef = 1AD9C45B1D536B7500E871AE /* sneddon.png */; };
		1AFB93DD1D096E75007CA509 /* Topic.swift in Sources */ = {isa = PBXBuildFile; fileRef = 1AFB93DC1D096E75007CA509 /* Topic.swift */; };
		1AFB93E21D0986BF007CA509 /* TopicStore.swift in Sources */ = {isa = PBXBuildFile; fileRef = 1AFB93E11D0986BF007CA509 /* TopicStore.swift */; };
		1AFB93E51D098763007CA509 /* Util.swift in Sources */ = {isa = PBXBuildFile; fileRef = 1AFB93E41D098763007CA509 /* Util.swift */; };
		1AFB93E71D09C0CD007CA509 /* Article.swift in Sources */ = {isa = PBXBuildFile; fileRef = 1AFB93E61D09C0CD007CA509 /* Article.swift */; };
		1AFB93EB1D0EC583007CA509 /* Topics.sqlite in Resources */ = {isa = PBXBuildFile; fileRef = 1AFB93EA1D0EC583007CA509 /* Topics.sqlite */; };
		1AFB93ED1D0ECE0F007CA509 /* Dictionary.sqlite in Resources */ = {isa = PBXBuildFile; fileRef = 1AFB93EC1D0ECE0F007CA509 /* Dictionary.sqlite */; };
		1AFB93EF1D0ECF88007CA509 /* Lemma.swift in Sources */ = {isa = PBXBuildFile; fileRef = 1AFB93EE1D0ECF88007CA509 /* Lemma.swift */; };
		1AFB93F11D0ED1BB007CA509 /* DictionaryStore.swift in Sources */ = {isa = PBXBuildFile; fileRef = 1AFB93F01D0ED1BB007CA509 /* DictionaryStore.swift */; };
		1AFECAD01D538CE1002540CA /* LibraryCollectionCellOverlayView.swift in Sources */ = {isa = PBXBuildFile; fileRef = 1AFECACF1D538CE1002540CA /* LibraryCollectionCellOverlayView.swift */; };
		62F13112ACE304BE099DB8E5 /* Pods_BelajarUITests.framework in Frameworks */ = {isa = PBXBuildFile; fileRef = 98584B3ED30467C096589DE5 /* Pods_BelajarUITests.framework */; };
		7C77FA738E3F821D1300686C /* Pods_BelajarTests.framework in Frameworks */ = {isa = PBXBuildFile; fileRef = AAE46797365B15BA68EEA1CC /* Pods_BelajarTests.framework */; };
		8B3F5AFF3D2E3DEF217EBA55 /* Pods_Belajar.framework in Frameworks */ = {isa = PBXBuildFile; fileRef = 362C6F5CE5E4F590D90066FB /* Pods_Belajar.framework */; };
/* End PBXBuildFile section */

/* Begin PBXContainerItemProxy section */
		1AB995671D0715D60039FF6E /* PBXContainerItemProxy */ = {
			isa = PBXContainerItemProxy;
			containerPortal = 1AB9954A1D0715D60039FF6E /* Project object */;
			proxyType = 1;
			remoteGlobalIDString = 1AB995511D0715D60039FF6E;
			remoteInfo = Belajar;
		};
		1AB995721D0715D60039FF6E /* PBXContainerItemProxy */ = {
			isa = PBXContainerItemProxy;
			containerPortal = 1AB9954A1D0715D60039FF6E /* Project object */;
			proxyType = 1;
			remoteGlobalIDString = 1AB995511D0715D60039FF6E;
			remoteInfo = Belajar;
		};
/* End PBXContainerItemProxy section */

/* Begin PBXFileReference section */
		1A027A6D1D40D18D0033B605 /* LemmaCell.swift */ = {isa = PBXFileReference; fileEncoding = 4; lastKnownFileType = sourcecode.swift; path = LemmaCell.swift; sourceTree = "<group>"; };
		1A027A6F1D40D2AD0033B605 /* LemmaHeaderCell.swift */ = {isa = PBXFileReference; fileEncoding = 4; lastKnownFileType = sourcecode.swift; path = LemmaHeaderCell.swift; sourceTree = "<group>"; };
		1A027A711D40D4740033B605 /* LemmaContinuationCell.swift */ = {isa = PBXFileReference; fileEncoding = 4; lastKnownFileType = sourcecode.swift; path = LemmaContinuationCell.swift; sourceTree = "<group>"; };
		1A027A731D40EE950033B605 /* UIKitExtensions.swift */ = {isa = PBXFileReference; fileEncoding = 4; lastKnownFileType = sourcecode.swift; path = UIKitExtensions.swift; sourceTree = "<group>"; };
		1A027A751D410C720033B605 /* SearchResultsController.swift */ = {isa = PBXFileReference; fileEncoding = 4; lastKnownFileType = sourcecode.swift; path = SearchResultsController.swift; sourceTree = "<group>"; };
		1A12C2311D0ED36D00A16796 /* CustomErrors.swift */ = {isa = PBXFileReference; fileEncoding = 4; lastKnownFileType = sourcecode.swift; path = CustomErrors.swift; sourceTree = "<group>"; };
		1A37763C1D3E3C3800FCDE4B /* SearchTableViewController.swift */ = {isa = PBXFileReference; fileEncoding = 4; lastKnownFileType = sourcecode.swift; path = SearchTableViewController.swift; sourceTree = "<group>"; };
		1A400C9D1D48C6A800638C00 /* TableOfContentsTableViewController.swift */ = {isa = PBXFileReference; fileEncoding = 4; lastKnownFileType = sourcecode.swift; path = TableOfContentsTableViewController.swift; sourceTree = "<group>"; };
		1A408DAD1D4A21830094368E /* en */ = {isa = PBXFileReference; lastKnownFileType = text.plist.strings; name = en; path = en.lproj/Main.strings; sourceTree = "<group>"; };
		1A408DAE1D4A25680094368E /* nl */ = {isa = PBXFileReference; lastKnownFileType = text.plist.strings; name = nl; path = nl.lproj/Main.strings; sourceTree = "<group>"; };
		1A408DAF1D4A25690094368E /* nl */ = {isa = PBXFileReference; lastKnownFileType = text.plist.strings; name = nl; path = nl.lproj/LaunchScreen.strings; sourceTree = "<group>"; };
		1A408DB31D4A4B130094368E /* nl */ = {isa = PBXFileReference; lastKnownFileType = text.plist.strings; name = nl; path = nl.lproj/InfoPlist.strings; sourceTree = "<group>"; };
		1A408DB81D4A4B140094368E /* nl */ = {isa = PBXFileReference; lastKnownFileType = text.plist.strings; name = nl; path = nl.lproj/InfoPlist.strings; sourceTree = "<group>"; };
		1A408DBD1D4A4B150094368E /* nl */ = {isa = PBXFileReference; lastKnownFileType = text.plist.strings; name = nl; path = nl.lproj/InfoPlist.strings; sourceTree = "<group>"; };
		1A4547251D16F3580003BA2F /* DictionaryViewController.swift */ = {isa = PBXFileReference; fileEncoding = 4; lastKnownFileType = sourcecode.swift; path = DictionaryViewController.swift; sourceTree = "<group>"; };
		1A5C5C671D479F9100175041 /* DynamicTextTableViewController.swift */ = {isa = PBXFileReference; fileEncoding = 4; lastKnownFileType = sourcecode.swift; path = DynamicTextTableViewController.swift; sourceTree = "<group>"; };
		1A8375E61D251EAA00B31980 /* IndonesianLanguageHelper.swift */ = {isa = PBXFileReference; fileEncoding = 4; lastKnownFileType = sourcecode.swift; path = IndonesianLanguageHelper.swift; sourceTree = "<group>"; };
		1A8375E81D251ED400B31980 /* LanguageHelper.swift */ = {isa = PBXFileReference; fileEncoding = 4; lastKnownFileType = sourcecode.swift; path = LanguageHelper.swift; sourceTree = "<group>"; };
		1A8375EA1D2522A700B31980 /* SpeechTextLexer.swift */ = {isa = PBXFileReference; fileEncoding = 4; lastKnownFileType = sourcecode.swift; path = SpeechTextLexer.swift; sourceTree = "<group>"; };
		1A8375EC1D25503000B31980 /* DutchLanguageHelper.swift */ = {isa = PBXFileReference; fileEncoding = 4; lastKnownFileType = sourcecode.swift; path = DutchLanguageHelper.swift; sourceTree = "<group>"; };
		1A96D2041D44556A00261F66 /* PreferredFont.swift */ = {isa = PBXFileReference; fileEncoding = 4; lastKnownFileType = sourcecode.swift; path = PreferredFont.swift; sourceTree = "<group>"; };
		1A96D20E1D45309D00261F66 /* PublicationTableViewCell.swift */ = {isa = PBXFileReference; fileEncoding = 4; lastKnownFileType = sourcecode.swift; path = PublicationTableViewCell.swift; sourceTree = "<group>"; };
		1AAC66A31D4B4BD7000A268B /* nl */ = {isa = PBXFileReference; lastKnownFileType = text.plist.strings; name = nl; path = nl.lproj/Localizable.strings; sourceTree = "<group>"; };
		1AB995521D0715D60039FF6E /* Belajar.app */ = {isa = PBXFileReference; explicitFileType = wrapper.application; includeInIndex = 0; path = Belajar.app; sourceTree = BUILT_PRODUCTS_DIR; };
		1AB995551D0715D60039FF6E /* AppDelegate.swift */ = {isa = PBXFileReference; lastKnownFileType = sourcecode.swift; path = AppDelegate.swift; sourceTree = "<group>"; };
		1AB9955A1D0715D60039FF6E /* Base */ = {isa = PBXFileReference; lastKnownFileType = file.storyboard; name = Base; path = Base.lproj/Main.storyboard; sourceTree = "<group>"; };
		1AB9955C1D0715D60039FF6E /* Assets.xcassets */ = {isa = PBXFileReference; lastKnownFileType = folder.assetcatalog; path = Assets.xcassets; sourceTree = "<group>"; };
		1AB9955F1D0715D60039FF6E /* Base */ = {isa = PBXFileReference; lastKnownFileType = file.storyboard; name = Base; path = Base.lproj/LaunchScreen.storyboard; sourceTree = "<group>"; };
		1AB995611D0715D60039FF6E /* Info.plist */ = {isa = PBXFileReference; lastKnownFileType = text.plist.xml; path = Info.plist; sourceTree = "<group>"; };
		1AB995661D0715D60039FF6E /* BelajarTests.xctest */ = {isa = PBXFileReference; explicitFileType = wrapper.cfbundle; includeInIndex = 0; path = BelajarTests.xctest; sourceTree = BUILT_PRODUCTS_DIR; };
		1AB9956A1D0715D60039FF6E /* BelajarTests.swift */ = {isa = PBXFileReference; lastKnownFileType = sourcecode.swift; path = BelajarTests.swift; sourceTree = "<group>"; };
		1AB9956C1D0715D60039FF6E /* Info.plist */ = {isa = PBXFileReference; lastKnownFileType = text.plist.xml; path = Info.plist; sourceTree = "<group>"; };
		1AB995711D0715D60039FF6E /* BelajarUITests.xctest */ = {isa = PBXFileReference; explicitFileType = wrapper.cfbundle; includeInIndex = 0; path = BelajarUITests.xctest; sourceTree = BUILT_PRODUCTS_DIR; };
		1AB995751D0715D60039FF6E /* BelajarUITests.swift */ = {isa = PBXFileReference; lastKnownFileType = sourcecode.swift; path = BelajarUITests.swift; sourceTree = "<group>"; };
		1AB995771D0715D60039FF6E /* Info.plist */ = {isa = PBXFileReference; lastKnownFileType = text.plist.xml; path = Info.plist; sourceTree = "<group>"; };
		1ABDFB2C1D2690D600D84677 /* IndonesianLanguageHelperTests.swift */ = {isa = PBXFileReference; fileEncoding = 4; lastKnownFileType = sourcecode.swift; path = IndonesianLanguageHelperTests.swift; sourceTree = "<group>"; };
		1ABDFB2E1D27B87700D84677 /* Constants.swift */ = {isa = PBXFileReference; fileEncoding = 4; lastKnownFileType = sourcecode.swift; path = Constants.swift; sourceTree = "<group>"; };
		1ABE36381D5253B600B2BF4C /* LibraryCollectionViewController.swift */ = {isa = PBXFileReference; fileEncoding = 4; lastKnownFileType = sourcecode.swift; path = LibraryCollectionViewController.swift; sourceTree = "<group>"; };
		1ABE363A1D52774D00B2BF4C /* LibraryCollectionViewCell.swift */ = {isa = PBXFileReference; fileEncoding = 4; lastKnownFileType = sourcecode.swift; path = LibraryCollectionViewCell.swift; sourceTree = "<group>"; };
		1AC8F9141D4CBB2800CB9F76 /* MainMenuTableViewController.swift */ = {isa = PBXFileReference; fileEncoding = 4; lastKnownFileType = sourcecode.swift; path = MainMenuTableViewController.swift; sourceTree = "<group>"; };
		1ACA705B1D417989004536E0 /* AttributedStringHelper.swift */ = {isa = PBXFileReference; fileEncoding = 4; lastKnownFileType = sourcecode.swift; path = AttributedStringHelper.swift; sourceTree = "<group>"; };
		1ACA705D1D437DC4004536E0 /* LemmaReferenceCell.swift */ = {isa = PBXFileReference; fileEncoding = 4; lastKnownFileType = sourcecode.swift; path = LemmaReferenceCell.swift; sourceTree = "<group>"; };
		1AD397A31D11A54500365164 /* PublicationViewController.swift */ = {isa = PBXFileReference; fileEncoding = 4; lastKnownFileType = sourcecode.swift; path = PublicationViewController.swift; sourceTree = "<group>"; };
		1AD397A51D11B20500365164 /* ArticleViewController.swift */ = {isa = PBXFileReference; fileEncoding = 4; lastKnownFileType = sourcecode.swift; path = ArticleViewController.swift; sourceTree = "<group>"; };
		1AD397A91D11E13200365164 /* www */ = {isa = PBXFileReference; lastKnownFileType = folder; path = www; sourceTree = "<group>"; };
		1AD758911D34FEC9004756C4 /* DictionaryPopoverService.swift */ = {isa = PBXFileReference; fileEncoding = 4; lastKnownFileType = sourcecode.swift; path = DictionaryPopoverService.swift; sourceTree = "<group>"; };
		1AD758951D353C79004756C4 /* DictionaryPopoverController.swift */ = {isa = PBXFileReference; fileEncoding = 4; lastKnownFileType = sourcecode.swift; path = DictionaryPopoverController.swift; sourceTree = "<group>"; };
		1AD9C4551D5362A200E871AE /* harmani.png */ = {isa = PBXFileReference; lastKnownFileType = image.png; path = harmani.png; sourceTree = "<group>"; };
		1AD9C4571D5367AB00E871AE /* wat-en-hoe.png */ = {isa = PBXFileReference; lastKnownFileType = image.png; path = "wat-en-hoe.png"; sourceTree = "<group>"; };
		1AD9C4591D53699600E871AE /* vandale-nl-id.png */ = {isa = PBXFileReference; lastKnownFileType = image.png; path = "vandale-nl-id.png"; sourceTree = "<group>"; };
		1AD9C45B1D536B7500E871AE /* sneddon.png */ = {isa = PBXFileReference; lastKnownFileType = image.png; path = sneddon.png; sourceTree = "<group>"; };
		1AFB93DC1D096E75007CA509 /* Topic.swift */ = {isa = PBXFileReference; fileEncoding = 4; lastKnownFileType = sourcecode.swift; path = Topic.swift; sourceTree = "<group>"; };
		1AFB93E11D0986BF007CA509 /* TopicStore.swift */ = {isa = PBXFileReference; fileEncoding = 4; lastKnownFileType = sourcecode.swift; path = TopicStore.swift; sourceTree = "<group>"; };
		1AFB93E41D098763007CA509 /* Util.swift */ = {isa = PBXFileReference; fileEncoding = 4; lastKnownFileType = sourcecode.swift; path = Util.swift; sourceTree = "<group>"; };
		1AFB93E61D09C0CD007CA509 /* Article.swift */ = {isa = PBXFileReference; fileEncoding = 4; lastKnownFileType = sourcecode.swift; path = Article.swift; sourceTree = "<group>"; };
		1AFB93EA1D0EC583007CA509 /* Topics.sqlite */ = {isa = PBXFileReference; lastKnownFileType = file; path = Topics.sqlite; sourceTree = "<group>"; };
		1AFB93EC1D0ECE0F007CA509 /* Dictionary.sqlite */ = {isa = PBXFileReference; lastKnownFileType = file; path = Dictionary.sqlite; sourceTree = "<group>"; };
		1AFB93EE1D0ECF88007CA509 /* Lemma.swift */ = {isa = PBXFileReference; fileEncoding = 4; lastKnownFileType = sourcecode.swift; path = Lemma.swift; sourceTree = "<group>"; };
		1AFB93F01D0ED1BB007CA509 /* DictionaryStore.swift */ = {isa = PBXFileReference; fileEncoding = 4; lastKnownFileType = sourcecode.swift; path = DictionaryStore.swift; sourceTree = "<group>"; };
		1AFECACF1D538CE1002540CA /* LibraryCollectionCellOverlayView.swift */ = {isa = PBXFileReference; fileEncoding = 4; lastKnownFileType = sourcecode.swift; path = LibraryCollectionCellOverlayView.swift; sourceTree = "<group>"; };
		362C6F5CE5E4F590D90066FB /* Pods_Belajar.framework */ = {isa = PBXFileReference; explicitFileType = wrapper.framework; includeInIndex = 0; path = Pods_Belajar.framework; sourceTree = BUILT_PRODUCTS_DIR; };
		395A131BB762C9A8ACC92FA4 /* Pods-Belajar.release.xcconfig */ = {isa = PBXFileReference; includeInIndex = 1; lastKnownFileType = text.xcconfig; name = "Pods-Belajar.release.xcconfig"; path = "Pods/Target Support Files/Pods-Belajar/Pods-Belajar.release.xcconfig"; sourceTree = "<group>"; };
		4D72DC61688F70171D12936A /* Pods-BelajarUITests.release.xcconfig */ = {isa = PBXFileReference; includeInIndex = 1; lastKnownFileType = text.xcconfig; name = "Pods-BelajarUITests.release.xcconfig"; path = "Pods/Target Support Files/Pods-BelajarUITests/Pods-BelajarUITests.release.xcconfig"; sourceTree = "<group>"; };
		82E18DE9365388348A3EB668 /* Pods-BelajarTests.debug.xcconfig */ = {isa = PBXFileReference; includeInIndex = 1; lastKnownFileType = text.xcconfig; name = "Pods-BelajarTests.debug.xcconfig"; path = "Pods/Target Support Files/Pods-BelajarTests/Pods-BelajarTests.debug.xcconfig"; sourceTree = "<group>"; };
		94A9B4D6B48C7FDE2CE63B52 /* Pods-Belajar.debug.xcconfig */ = {isa = PBXFileReference; includeInIndex = 1; lastKnownFileType = text.xcconfig; name = "Pods-Belajar.debug.xcconfig"; path = "Pods/Target Support Files/Pods-Belajar/Pods-Belajar.debug.xcconfig"; sourceTree = "<group>"; };
		98584B3ED30467C096589DE5 /* Pods_BelajarUITests.framework */ = {isa = PBXFileReference; explicitFileType = wrapper.framework; includeInIndex = 0; path = Pods_BelajarUITests.framework; sourceTree = BUILT_PRODUCTS_DIR; };
		AAE46797365B15BA68EEA1CC /* Pods_BelajarTests.framework */ = {isa = PBXFileReference; explicitFileType = wrapper.framework; includeInIndex = 0; path = Pods_BelajarTests.framework; sourceTree = BUILT_PRODUCTS_DIR; };
		E1DF65001ED6A2D04087C271 /* Pods-BelajarUITests.debug.xcconfig */ = {isa = PBXFileReference; includeInIndex = 1; lastKnownFileType = text.xcconfig; name = "Pods-BelajarUITests.debug.xcconfig"; path = "Pods/Target Support Files/Pods-BelajarUITests/Pods-BelajarUITests.debug.xcconfig"; sourceTree = "<group>"; };
		E244B95621834155FC017459 /* Pods-BelajarTests.release.xcconfig */ = {isa = PBXFileReference; includeInIndex = 1; lastKnownFileType = text.xcconfig; name = "Pods-BelajarTests.release.xcconfig"; path = "Pods/Target Support Files/Pods-BelajarTests/Pods-BelajarTests.release.xcconfig"; sourceTree = "<group>"; };
/* End PBXFileReference section */

/* Begin PBXFrameworksBuildPhase section */
		1AB9954F1D0715D60039FF6E /* Frameworks */ = {
			isa = PBXFrameworksBuildPhase;
			buildActionMask = 2147483647;
			files = (
				8B3F5AFF3D2E3DEF217EBA55 /* Pods_Belajar.framework in Frameworks */,
			);
			runOnlyForDeploymentPostprocessing = 0;
		};
		1AB995631D0715D60039FF6E /* Frameworks */ = {
			isa = PBXFrameworksBuildPhase;
			buildActionMask = 2147483647;
			files = (
				7C77FA738E3F821D1300686C /* Pods_BelajarTests.framework in Frameworks */,
			);
			runOnlyForDeploymentPostprocessing = 0;
		};
		1AB9956E1D0715D60039FF6E /* Frameworks */ = {
			isa = PBXFrameworksBuildPhase;
			buildActionMask = 2147483647;
			files = (
				62F13112ACE304BE099DB8E5 /* Pods_BelajarUITests.framework in Frameworks */,
			);
			runOnlyForDeploymentPostprocessing = 0;
		};
/* End PBXFrameworksBuildPhase section */

/* Begin PBXGroup section */
		1A275EC71D11796300D38BC4 /* UI */ = {
			isa = PBXGroup;
			children = (
				1AD397A51D11B20500365164 /* ArticleViewController.swift */,
				1AD758951D353C79004756C4 /* DictionaryPopoverController.swift */,
				1AD758911D34FEC9004756C4 /* DictionaryPopoverService.swift */,
				1A4547251D16F3580003BA2F /* DictionaryViewController.swift */,
				1A5C5C671D479F9100175041 /* DynamicTextTableViewController.swift */,
				1A027A6D1D40D18D0033B605 /* LemmaCell.swift */,
				1A027A711D40D4740033B605 /* LemmaContinuationCell.swift */,
				1A027A6F1D40D2AD0033B605 /* LemmaHeaderCell.swift */,
				1ACA705D1D437DC4004536E0 /* LemmaReferenceCell.swift */,
				1ABE36381D5253B600B2BF4C /* LibraryCollectionViewController.swift */,
				1ABE363A1D52774D00B2BF4C /* LibraryCollectionViewCell.swift */,
				1AC8F9141D4CBB2800CB9F76 /* MainMenuTableViewController.swift */,
				1A96D20E1D45309D00261F66 /* PublicationTableViewCell.swift */,
				1AD397A31D11A54500365164 /* PublicationViewController.swift */,
				1A027A751D410C720033B605 /* SearchResultsController.swift */,
				1A37763C1D3E3C3800FCDE4B /* SearchTableViewController.swift */,
				1A400C9D1D48C6A800638C00 /* TableOfContentsTableViewController.swift */,
				1A027A731D40EE950033B605 /* UIKitExtensions.swift */,
				1AFECACF1D538CE1002540CA /* LibraryCollectionCellOverlayView.swift */,
			);
			name = UI;
			sourceTree = "<group>";
		};
		1AB995491D0715D60039FF6E = {
			isa = PBXGroup;
			children = (
				1AB995541D0715D60039FF6E /* Belajar */,
				1AB995691D0715D60039FF6E /* BelajarTests */,
				1AB995741D0715D60039FF6E /* BelajarUITests */,
				1AB995531D0715D60039FF6E /* Products */,
				D76547C22E36D5BFAFF471D8 /* Pods */,
				A1B866D91633528858E166C8 /* Frameworks */,
			);
			sourceTree = "<group>";
		};
		1AB995531D0715D60039FF6E /* Products */ = {
			isa = PBXGroup;
			children = (
				1AB995521D0715D60039FF6E /* Belajar.app */,
				1AB995661D0715D60039FF6E /* BelajarTests.xctest */,
				1AB995711D0715D60039FF6E /* BelajarUITests.xctest */,
			);
			name = Products;
			sourceTree = "<group>";
		};
		1AB995541D0715D60039FF6E /* Belajar */ = {
			isa = PBXGroup;
			children = (
				1AAC66A41D4B4BD7000A268B /* Localizable.strings */,
				1A408DB91D4A4B140094368E /* InfoPlist.strings */,
				1AD397A91D11E13200365164 /* www */,
				1A275EC71D11796300D38BC4 /* UI */,
				1AFB93E31D098723007CA509 /* Helpers */,
				1AFB93DE1D0974F5007CA509 /* Stores */,
				1AFB93DB1D096DF5007CA509 /* Model */,
				1AB995831D0716470039FF6E /* Supporting Files */,
				1AB995551D0715D60039FF6E /* AppDelegate.swift */,
				1AB995591D0715D60039FF6E /* Main.storyboard */,
				1AB9955C1D0715D60039FF6E /* Assets.xcassets */,
				1AB9955E1D0715D60039FF6E /* LaunchScreen.storyboard */,
				1AB995611D0715D60039FF6E /* Info.plist */,
			);
			path = Belajar;
			sourceTree = "<group>";
		};
		1AB995691D0715D60039FF6E /* BelajarTests */ = {
			isa = PBXGroup;
			children = (
				1A408DB41D4A4B130094368E /* InfoPlist.strings */,
				1AB9956A1D0715D60039FF6E /* BelajarTests.swift */,
				1AB9956C1D0715D60039FF6E /* Info.plist */,
				1ABDFB2C1D2690D600D84677 /* IndonesianLanguageHelperTests.swift */,
			);
			path = BelajarTests;
			sourceTree = "<group>";
		};
		1AB995741D0715D60039FF6E /* BelajarUITests */ = {
			isa = PBXGroup;
			children = (
				1A408DBE1D4A4B150094368E /* InfoPlist.strings */,
				1AB995751D0715D60039FF6E /* BelajarUITests.swift */,
				1AB995771D0715D60039FF6E /* Info.plist */,
			);
			path = BelajarUITests;
			sourceTree = "<group>";
		};
		1AB995831D0716470039FF6E /* Supporting Files */ = {
			isa = PBXGroup;
			children = (
				1AD9C45B1D536B7500E871AE /* sneddon.png */,
				1AD9C4591D53699600E871AE /* vandale-nl-id.png */,
				1AD9C4571D5367AB00E871AE /* wat-en-hoe.png */,
				1AD9C4551D5362A200E871AE /* harmani.png */,
				1AFB93EC1D0ECE0F007CA509 /* Dictionary.sqlite */,
				1AFB93EA1D0EC583007CA509 /* Topics.sqlite */,
			);
			name = "Supporting Files";
			sourceTree = "<group>";
		};
		1AFB93DB1D096DF5007CA509 /* Model */ = {
			isa = PBXGroup;
			children = (
				1AFB93DC1D096E75007CA509 /* Topic.swift */,
				1AFB93E61D09C0CD007CA509 /* Article.swift */,
				1AFB93EE1D0ECF88007CA509 /* Lemma.swift */,
			);
			name = Model;
			sourceTree = "<group>";
		};
		1AFB93DE1D0974F5007CA509 /* Stores */ = {
			isa = PBXGroup;
			children = (
				1AFB93E11D0986BF007CA509 /* TopicStore.swift */,
				1AFB93F01D0ED1BB007CA509 /* DictionaryStore.swift */,
			);
			name = Stores;
			sourceTree = "<group>";
		};
		1AFB93E31D098723007CA509 /* Helpers */ = {
			isa = PBXGroup;
			children = (
				1AFB93E41D098763007CA509 /* Util.swift */,
				1A12C2311D0ED36D00A16796 /* CustomErrors.swift */,
				1A8375E61D251EAA00B31980 /* IndonesianLanguageHelper.swift */,
				1A8375E81D251ED400B31980 /* LanguageHelper.swift */,
				1A8375EA1D2522A700B31980 /* SpeechTextLexer.swift */,
				1A8375EC1D25503000B31980 /* DutchLanguageHelper.swift */,
				1ABDFB2E1D27B87700D84677 /* Constants.swift */,
				1ACA705B1D417989004536E0 /* AttributedStringHelper.swift */,
				1A96D2041D44556A00261F66 /* PreferredFont.swift */,
			);
			name = Helpers;
			sourceTree = "<group>";
		};
		A1B866D91633528858E166C8 /* Frameworks */ = {
			isa = PBXGroup;
			children = (
				362C6F5CE5E4F590D90066FB /* Pods_Belajar.framework */,
				AAE46797365B15BA68EEA1CC /* Pods_BelajarTests.framework */,
				98584B3ED30467C096589DE5 /* Pods_BelajarUITests.framework */,
			);
			name = Frameworks;
			sourceTree = "<group>";
		};
		D76547C22E36D5BFAFF471D8 /* Pods */ = {
			isa = PBXGroup;
			children = (
				94A9B4D6B48C7FDE2CE63B52 /* Pods-Belajar.debug.xcconfig */,
				395A131BB762C9A8ACC92FA4 /* Pods-Belajar.release.xcconfig */,
				82E18DE9365388348A3EB668 /* Pods-BelajarTests.debug.xcconfig */,
				E244B95621834155FC017459 /* Pods-BelajarTests.release.xcconfig */,
				E1DF65001ED6A2D04087C271 /* Pods-BelajarUITests.debug.xcconfig */,
				4D72DC61688F70171D12936A /* Pods-BelajarUITests.release.xcconfig */,
			);
			name = Pods;
			sourceTree = "<group>";
		};
/* End PBXGroup section */

/* Begin PBXNativeTarget section */
		1AB995511D0715D60039FF6E /* Belajar */ = {
			isa = PBXNativeTarget;
			buildConfigurationList = 1AB9957A1D0715D60039FF6E /* Build configuration list for PBXNativeTarget "Belajar" */;
			buildPhases = (
				48C107A6CB3DE26FCB60091D /* [CP] Check Pods Manifest.lock */,
				1AB9954E1D0715D60039FF6E /* Sources */,
				1AB9954F1D0715D60039FF6E /* Frameworks */,
				1AB995501D0715D60039FF6E /* Resources */,
				B375957E8ABB5AB2A210C440 /* [CP] Embed Pods Frameworks */,
				AB71EBEF311AE37086EFEF77 /* [CP] Copy Pods Resources */,
			);
			buildRules = (
			);
			dependencies = (
			);
			name = Belajar;
			productName = Belajar;
			productReference = 1AB995521D0715D60039FF6E /* Belajar.app */;
			productType = "com.apple.product-type.application";
		};
		1AB995651D0715D60039FF6E /* BelajarTests */ = {
			isa = PBXNativeTarget;
			buildConfigurationList = 1AB9957D1D0715D60039FF6E /* Build configuration list for PBXNativeTarget "BelajarTests" */;
			buildPhases = (
				C34188773F31F9EAE72B5F8A /* [CP] Check Pods Manifest.lock */,
				1AB995621D0715D60039FF6E /* Sources */,
				1AB995631D0715D60039FF6E /* Frameworks */,
				1AB995641D0715D60039FF6E /* Resources */,
				431DD25DE7B368889669B0CA /* [CP] Embed Pods Frameworks */,
				C19F68F921E32BB7A996C00D /* [CP] Copy Pods Resources */,
			);
			buildRules = (
			);
			dependencies = (
				1AB995681D0715D60039FF6E /* PBXTargetDependency */,
			);
			name = BelajarTests;
			productName = BelajarTests;
			productReference = 1AB995661D0715D60039FF6E /* BelajarTests.xctest */;
			productType = "com.apple.product-type.bundle.unit-test";
		};
		1AB995701D0715D60039FF6E /* BelajarUITests */ = {
			isa = PBXNativeTarget;
			buildConfigurationList = 1AB995801D0715D60039FF6E /* Build configuration list for PBXNativeTarget "BelajarUITests" */;
			buildPhases = (
				9CD7D8E5C73D11D63C60E952 /* [CP] Check Pods Manifest.lock */,
				1AB9956D1D0715D60039FF6E /* Sources */,
				1AB9956E1D0715D60039FF6E /* Frameworks */,
				1AB9956F1D0715D60039FF6E /* Resources */,
				D486455EBE5F56DCCA744E04 /* [CP] Copy Pods Resources */,
			);
			buildRules = (
			);
			dependencies = (
				1AB995731D0715D60039FF6E /* PBXTargetDependency */,
			);
			name = BelajarUITests;
			productName = BelajarUITests;
			productReference = 1AB995711D0715D60039FF6E /* BelajarUITests.xctest */;
			productType = "com.apple.product-type.bundle.ui-testing";
		};
/* End PBXNativeTarget section */

/* Begin PBXProject section */
		1AB9954A1D0715D60039FF6E /* Project object */ = {
			isa = PBXProject;
			attributes = {
				LastSwiftUpdateCheck = 0730;
				LastUpgradeCheck = 0800;
				ORGANIZATIONNAME = "Belajar NL";
				TargetAttributes = {
					1AB995511D0715D60039FF6E = {
						CreatedOnToolsVersion = 7.3;
						DevelopmentTeam = 7A9AF2AN9H;
						DevelopmentTeamName = "Jim Cramer";
						LastSwiftMigration = 0800;
						ProvisioningStyle = Automatic;
					};
					1AB995651D0715D60039FF6E = {
						CreatedOnToolsVersion = 7.3;
						LastSwiftMigration = 0800;
						TestTargetID = 1AB995511D0715D60039FF6E;
					};
					1AB995701D0715D60039FF6E = {
						CreatedOnToolsVersion = 7.3;
						LastSwiftMigration = 0800;
						TestTargetID = 1AB995511D0715D60039FF6E;
					};
				};
			};
			buildConfigurationList = 1AB9954D1D0715D60039FF6E /* Build configuration list for PBXProject "Belajar" */;
			compatibilityVersion = "Xcode 3.2";
			developmentRegion = English;
			hasScannedForEncodings = 0;
			knownRegions = (
				en,
				Base,
			);
			mainGroup = 1AB995491D0715D60039FF6E;
			productRefGroup = 1AB995531D0715D60039FF6E /* Products */;
			projectDirPath = "";
			projectRoot = "";
			targets = (
				1AB995511D0715D60039FF6E /* Belajar */,
				1AB995651D0715D60039FF6E /* BelajarTests */,
				1AB995701D0715D60039FF6E /* BelajarUITests */,
			);
		};
/* End PBXProject section */

/* Begin PBXResourcesBuildPhase section */
		1AB995501D0715D60039FF6E /* Resources */ = {
			isa = PBXResourcesBuildPhase;
			buildActionMask = 2147483647;
			files = (
				1A408DB71D4A4B140094368E /* InfoPlist.strings in Resources */,
				1AD397AA1D11E13200365164 /* www in Resources */,
				1AD9C45A1D53699600E871AE /* vandale-nl-id.png in Resources */,
				1AD9C4581D5367AB00E871AE /* wat-en-hoe.png in Resources */,
				1AD9C4561D5362A200E871AE /* harmani.png in Resources */,
				1AD9C45C1D536B7500E871AE /* sneddon.png in Resources */,
				1AB995601D0715D60039FF6E /* LaunchScreen.storyboard in Resources */,
				1AB9955D1D0715D60039FF6E /* Assets.xcassets in Resources */,
				1AAC66A21D4B4BD7000A268B /* Localizable.strings in Resources */,
				1AB9955B1D0715D60039FF6E /* Main.storyboard in Resources */,
				1AFB93EB1D0EC583007CA509 /* Topics.sqlite in Resources */,
				1AFB93ED1D0ECE0F007CA509 /* Dictionary.sqlite in Resources */,
			);
			runOnlyForDeploymentPostprocessing = 0;
		};
		1AB995641D0715D60039FF6E /* Resources */ = {
			isa = PBXResourcesBuildPhase;
			buildActionMask = 2147483647;
			files = (
				1A408DB21D4A4B130094368E /* InfoPlist.strings in Resources */,
			);
			runOnlyForDeploymentPostprocessing = 0;
		};
		1AB9956F1D0715D60039FF6E /* Resources */ = {
			isa = PBXResourcesBuildPhase;
			buildActionMask = 2147483647;
			files = (
				1A408DBC1D4A4B150094368E /* InfoPlist.strings in Resources */,
			);
			runOnlyForDeploymentPostprocessing = 0;
		};
/* End PBXResourcesBuildPhase section */

/* Begin PBXShellScriptBuildPhase section */
		431DD25DE7B368889669B0CA /* [CP] Embed Pods Frameworks */ = {
			isa = PBXShellScriptBuildPhase;
			buildActionMask = 2147483647;
			files = (
			);
			inputPaths = (
			);
			name = "[CP] Embed Pods Frameworks";
			outputPaths = (
			);
			runOnlyForDeploymentPostprocessing = 0;
			shellPath = /bin/sh;
			shellScript = "\"${SRCROOT}/Pods/Target Support Files/Pods-BelajarTests/Pods-BelajarTests-frameworks.sh\"\n";
			showEnvVarsInLog = 0;
		};
		48C107A6CB3DE26FCB60091D /* [CP] Check Pods Manifest.lock */ = {
			isa = PBXShellScriptBuildPhase;
			buildActionMask = 2147483647;
			files = (
			);
			inputPaths = (
			);
			name = "[CP] Check Pods Manifest.lock";
			outputPaths = (
			);
			runOnlyForDeploymentPostprocessing = 0;
			shellPath = /bin/sh;
			shellScript = "diff \"${PODS_ROOT}/../Podfile.lock\" \"${PODS_ROOT}/Manifest.lock\" > /dev/null\nif [[ $? != 0 ]] ; then\n    cat << EOM\nerror: The sandbox is not in sync with the Podfile.lock. Run 'pod install' or update your CocoaPods installation.\nEOM\n    exit 1\nfi\n";
			showEnvVarsInLog = 0;
		};
		9CD7D8E5C73D11D63C60E952 /* [CP] Check Pods Manifest.lock */ = {
			isa = PBXShellScriptBuildPhase;
			buildActionMask = 2147483647;
			files = (
			);
			inputPaths = (
			);
			name = "[CP] Check Pods Manifest.lock";
			outputPaths = (
			);
			runOnlyForDeploymentPostprocessing = 0;
			shellPath = /bin/sh;
			shellScript = "diff \"${PODS_ROOT}/../Podfile.lock\" \"${PODS_ROOT}/Manifest.lock\" > /dev/null\nif [[ $? != 0 ]] ; then\n    cat << EOM\nerror: The sandbox is not in sync with the Podfile.lock. Run 'pod install' or update your CocoaPods installation.\nEOM\n    exit 1\nfi\n";
			showEnvVarsInLog = 0;
		};
		AB71EBEF311AE37086EFEF77 /* [CP] Copy Pods Resources */ = {
			isa = PBXShellScriptBuildPhase;
			buildActionMask = 2147483647;
			files = (
			);
			inputPaths = (
			);
			name = "[CP] Copy Pods Resources";
			outputPaths = (
			);
			runOnlyForDeploymentPostprocessing = 0;
			shellPath = /bin/sh;
			shellScript = "\"${SRCROOT}/Pods/Target Support Files/Pods-Belajar/Pods-Belajar-resources.sh\"\n";
			showEnvVarsInLog = 0;
		};
		B375957E8ABB5AB2A210C440 /* [CP] Embed Pods Frameworks */ = {
			isa = PBXShellScriptBuildPhase;
			buildActionMask = 2147483647;
			files = (
			);
			inputPaths = (
			);
			name = "[CP] Embed Pods Frameworks";
			outputPaths = (
			);
			runOnlyForDeploymentPostprocessing = 0;
			shellPath = /bin/sh;
			shellScript = "\"${SRCROOT}/Pods/Target Support Files/Pods-Belajar/Pods-Belajar-frameworks.sh\"\n";
			showEnvVarsInLog = 0;
		};
		C19F68F921E32BB7A996C00D /* [CP] Copy Pods Resources */ = {
			isa = PBXShellScriptBuildPhase;
			buildActionMask = 2147483647;
			files = (
			);
			inputPaths = (
			);
			name = "[CP] Copy Pods Resources";
			outputPaths = (
			);
			runOnlyForDeploymentPostprocessing = 0;
			shellPath = /bin/sh;
			shellScript = "\"${SRCROOT}/Pods/Target Support Files/Pods-BelajarTests/Pods-BelajarTests-resources.sh\"\n";
			showEnvVarsInLog = 0;
		};
		C34188773F31F9EAE72B5F8A /* [CP] Check Pods Manifest.lock */ = {
			isa = PBXShellScriptBuildPhase;
			buildActionMask = 2147483647;
			files = (
			);
			inputPaths = (
			);
			name = "[CP] Check Pods Manifest.lock";
			outputPaths = (
			);
			runOnlyForDeploymentPostprocessing = 0;
			shellPath = /bin/sh;
			shellScript = "diff \"${PODS_ROOT}/../Podfile.lock\" \"${PODS_ROOT}/Manifest.lock\" > /dev/null\nif [[ $? != 0 ]] ; then\n    cat << EOM\nerror: The sandbox is not in sync with the Podfile.lock. Run 'pod install' or update your CocoaPods installation.\nEOM\n    exit 1\nfi\n";
			showEnvVarsInLog = 0;
		};
		D486455EBE5F56DCCA744E04 /* [CP] Copy Pods Resources */ = {
			isa = PBXShellScriptBuildPhase;
			buildActionMask = 2147483647;
			files = (
			);
			inputPaths = (
			);
			name = "[CP] Copy Pods Resources";
			outputPaths = (
			);
			runOnlyForDeploymentPostprocessing = 0;
			shellPath = /bin/sh;
			shellScript = "\"${SRCROOT}/Pods/Target Support Files/Pods-BelajarUITests/Pods-BelajarUITests-resources.sh\"\n";
			showEnvVarsInLog = 0;
		};
/* End PBXShellScriptBuildPhase section */

/* Begin PBXSourcesBuildPhase section */
		1AB9954E1D0715D60039FF6E /* Sources */ = {
			isa = PBXSourcesBuildPhase;
			buildActionMask = 2147483647;
			files = (
				1AFB93E51D098763007CA509 /* Util.swift in Sources */,
				1ABDFB2F1D27B87700D84677 /* Constants.swift in Sources */,
				1AFECAD01D538CE1002540CA /* LibraryCollectionCellOverlayView.swift in Sources */,
				1A96D20F1D45309D00261F66 /* PublicationTableViewCell.swift in Sources */,
				1A12C2321D0ED36D00A16796 /* CustomErrors.swift in Sources */,
				1AFB93E71D09C0CD007CA509 /* Article.swift in Sources */,
				1A027A741D40EE950033B605 /* UIKitExtensions.swift in Sources */,
				1ACA705E1D437DC4004536E0 /* LemmaReferenceCell.swift in Sources */,
				1A027A701D40D2AD0033B605 /* LemmaHeaderCell.swift in Sources */,
				1AD758961D353C79004756C4 /* DictionaryPopoverController.swift in Sources */,
				1A8375E91D251ED400B31980 /* LanguageHelper.swift in Sources */,
				1AD758921D34FEC9004756C4 /* DictionaryPopoverService.swift in Sources */,
				1AD397A41D11A54500365164 /* PublicationViewController.swift in Sources */,
				1ABE36391D5253B600B2BF4C /* LibraryCollectionViewController.swift in Sources */,
				1A8375ED1D25503000B31980 /* DutchLanguageHelper.swift in Sources */,
				1ABE363B1D52774D00B2BF4C /* LibraryCollectionViewCell.swift in Sources */,
				1A37763D1D3E3C3800FCDE4B /* SearchTableViewController.swift in Sources */,
				1AD397A61D11B20500365164 /* ArticleViewController.swift in Sources */,
				1A5C5C681D479F9100175041 /* DynamicTextTableViewController.swift in Sources */,
				1A8375E71D251EAA00B31980 /* IndonesianLanguageHelper.swift in Sources */,
				1AFB93F11D0ED1BB007CA509 /* DictionaryStore.swift in Sources */,
				1AC8F9151D4CBB2800CB9F76 /* MainMenuTableViewController.swift in Sources */,
				1A027A721D40D4740033B605 /* LemmaContinuationCell.swift in Sources */,
				1A027A761D410C720033B605 /* SearchResultsController.swift in Sources */,
				1A400C9E1D48C6A800638C00 /* TableOfContentsTableViewController.swift in Sources */,
				1A8375EB1D2522A700B31980 /* SpeechTextLexer.swift in Sources */,
				1A027A6E1D40D18D0033B605 /* LemmaCell.swift in Sources */,
				1A4547261D16F3580003BA2F /* DictionaryViewController.swift in Sources */,
				1AFB93EF1D0ECF88007CA509 /* Lemma.swift in Sources */,
				1AFB93DD1D096E75007CA509 /* Topic.swift in Sources */,
				1AB995561D0715D60039FF6E /* AppDelegate.swift in Sources */,
				1ACA705C1D417989004536E0 /* AttributedStringHelper.swift in Sources */,
				1A96D2051D44556A00261F66 /* PreferredFont.swift in Sources */,
				1AFB93E21D0986BF007CA509 /* TopicStore.swift in Sources */,
			);
			runOnlyForDeploymentPostprocessing = 0;
		};
		1AB995621D0715D60039FF6E /* Sources */ = {
			isa = PBXSourcesBuildPhase;
			buildActionMask = 2147483647;
			files = (
				1AB9956B1D0715D60039FF6E /* BelajarTests.swift in Sources */,
				1ABDFB2D1D2690D600D84677 /* IndonesianLanguageHelperTests.swift in Sources */,
			);
			runOnlyForDeploymentPostprocessing = 0;
		};
		1AB9956D1D0715D60039FF6E /* Sources */ = {
			isa = PBXSourcesBuildPhase;
			buildActionMask = 2147483647;
			files = (
				1AB995761D0715D60039FF6E /* BelajarUITests.swift in Sources */,
			);
			runOnlyForDeploymentPostprocessing = 0;
		};
/* End PBXSourcesBuildPhase section */

/* Begin PBXTargetDependency section */
		1AB995681D0715D60039FF6E /* PBXTargetDependency */ = {
			isa = PBXTargetDependency;
			target = 1AB995511D0715D60039FF6E /* Belajar */;
			targetProxy = 1AB995671D0715D60039FF6E /* PBXContainerItemProxy */;
		};
		1AB995731D0715D60039FF6E /* PBXTargetDependency */ = {
			isa = PBXTargetDependency;
			target = 1AB995511D0715D60039FF6E /* Belajar */;
			targetProxy = 1AB995721D0715D60039FF6E /* PBXContainerItemProxy */;
		};
/* End PBXTargetDependency section */

/* Begin PBXVariantGroup section */
		1A408DB41D4A4B130094368E /* InfoPlist.strings */ = {
			isa = PBXVariantGroup;
			children = (
				1A408DB31D4A4B130094368E /* nl */,
			);
			name = InfoPlist.strings;
			sourceTree = "<group>";
		};
		1A408DB91D4A4B140094368E /* InfoPlist.strings */ = {
			isa = PBXVariantGroup;
			children = (
				1A408DB81D4A4B140094368E /* nl */,
			);
			name = InfoPlist.strings;
			sourceTree = "<group>";
		};
		1A408DBE1D4A4B150094368E /* InfoPlist.strings */ = {
			isa = PBXVariantGroup;
			children = (
				1A408DBD1D4A4B150094368E /* nl */,
			);
			name = InfoPlist.strings;
			sourceTree = "<group>";
		};
		1AAC66A41D4B4BD7000A268B /* Localizable.strings */ = {
			isa = PBXVariantGroup;
			children = (
				1AAC66A31D4B4BD7000A268B /* nl */,
			);
			name = Localizable.strings;
			sourceTree = "<group>";
		};
		1AB995591D0715D60039FF6E /* Main.storyboard */ = {
			isa = PBXVariantGroup;
			children = (
				1AB9955A1D0715D60039FF6E /* Base */,
				1A408DAD1D4A21830094368E /* en */,
				1A408DAE1D4A25680094368E /* nl */,
			);
			name = Main.storyboard;
			sourceTree = "<group>";
		};
		1AB9955E1D0715D60039FF6E /* LaunchScreen.storyboard */ = {
			isa = PBXVariantGroup;
			children = (
				1AB9955F1D0715D60039FF6E /* Base */,
				1A408DAF1D4A25690094368E /* nl */,
			);
			name = LaunchScreen.storyboard;
			sourceTree = "<group>";
		};
/* End PBXVariantGroup section */

/* Begin XCBuildConfiguration section */
		1AB995781D0715D60039FF6E /* Debug */ = {
			isa = XCBuildConfiguration;
			buildSettings = {
				ALWAYS_SEARCH_USER_PATHS = NO;
				CLANG_ANALYZER_LOCALIZABILITY_NONLOCALIZED = YES;
				CLANG_ANALYZER_NONNULL = YES;
				CLANG_CXX_LANGUAGE_STANDARD = "gnu++0x";
				CLANG_CXX_LIBRARY = "libc++";
				CLANG_ENABLE_MODULES = YES;
				CLANG_ENABLE_OBJC_ARC = YES;
				CLANG_WARN_BOOL_CONVERSION = YES;
				CLANG_WARN_CONSTANT_CONVERSION = YES;
				CLANG_WARN_DIRECT_OBJC_ISA_USAGE = YES_ERROR;
				CLANG_WARN_EMPTY_BODY = YES;
				CLANG_WARN_ENUM_CONVERSION = YES;
				CLANG_WARN_INFINITE_RECURSION = YES;
				CLANG_WARN_INT_CONVERSION = YES;
				CLANG_WARN_OBJC_ROOT_CLASS = YES_ERROR;
				CLANG_WARN_SUSPICIOUS_MOVE = YES;
				CLANG_WARN_UNREACHABLE_CODE = YES;
				CLANG_WARN__DUPLICATE_METHOD_MATCH = YES;
				CODE_SIGN_IDENTITY = "iPhone Developer";
				"CODE_SIGN_IDENTITY[sdk=iphoneos*]" = "iPhone Developer";
				COPY_PHASE_STRIP = NO;
				DEBUG_INFORMATION_FORMAT = dwarf;
				ENABLE_STRICT_OBJC_MSGSEND = YES;
				ENABLE_TESTABILITY = YES;
				GCC_C_LANGUAGE_STANDARD = gnu99;
				GCC_DYNAMIC_NO_PIC = NO;
				GCC_NO_COMMON_BLOCKS = YES;
				GCC_OPTIMIZATION_LEVEL = 0;
				GCC_PREPROCESSOR_DEFINITIONS = (
					"DEBUG=1",
					"$(inherited)",
				);
				GCC_WARN_64_TO_32_BIT_CONVERSION = YES;
				GCC_WARN_ABOUT_RETURN_TYPE = YES_ERROR;
				GCC_WARN_UNDECLARED_SELECTOR = YES;
				GCC_WARN_UNINITIALIZED_AUTOS = YES_AGGRESSIVE;
				GCC_WARN_UNUSED_FUNCTION = YES;
				GCC_WARN_UNUSED_VARIABLE = YES;
				IPHONEOS_DEPLOYMENT_TARGET = 9.3;
				MTL_ENABLE_DEBUG_INFO = YES;
				ONLY_ACTIVE_ARCH = YES;
				SDKROOT = iphoneos;
				SWIFT_OPTIMIZATION_LEVEL = "-Onone";
				TARGETED_DEVICE_FAMILY = "1,2";
			};
			name = Debug;
		};
		1AB995791D0715D60039FF6E /* Release */ = {
			isa = XCBuildConfiguration;
			buildSettings = {
				ALWAYS_SEARCH_USER_PATHS = NO;
				CLANG_ANALYZER_LOCALIZABILITY_NONLOCALIZED = YES;
				CLANG_ANALYZER_NONNULL = YES;
				CLANG_CXX_LANGUAGE_STANDARD = "gnu++0x";
				CLANG_CXX_LIBRARY = "libc++";
				CLANG_ENABLE_MODULES = YES;
				CLANG_ENABLE_OBJC_ARC = YES;
				CLANG_WARN_BOOL_CONVERSION = YES;
				CLANG_WARN_CONSTANT_CONVERSION = YES;
				CLANG_WARN_DIRECT_OBJC_ISA_USAGE = YES_ERROR;
				CLANG_WARN_EMPTY_BODY = YES;
				CLANG_WARN_ENUM_CONVERSION = YES;
				CLANG_WARN_INFINITE_RECURSION = YES;
				CLANG_WARN_INT_CONVERSION = YES;
				CLANG_WARN_OBJC_ROOT_CLASS = YES_ERROR;
				CLANG_WARN_SUSPICIOUS_MOVE = YES;
				CLANG_WARN_UNREACHABLE_CODE = YES;
				CLANG_WARN__DUPLICATE_METHOD_MATCH = YES;
				CODE_SIGN_IDENTITY = "iPhone Distribution";
				"CODE_SIGN_IDENTITY[sdk=iphoneos*]" = "iPhone Distribution";
				COPY_PHASE_STRIP = NO;
				DEBUG_INFORMATION_FORMAT = "dwarf-with-dsym";
				ENABLE_NS_ASSERTIONS = NO;
				ENABLE_STRICT_OBJC_MSGSEND = YES;
				GCC_C_LANGUAGE_STANDARD = gnu99;
				GCC_NO_COMMON_BLOCKS = YES;
				GCC_WARN_64_TO_32_BIT_CONVERSION = YES;
				GCC_WARN_ABOUT_RETURN_TYPE = YES_ERROR;
				GCC_WARN_UNDECLARED_SELECTOR = YES;
				GCC_WARN_UNINITIALIZED_AUTOS = YES_AGGRESSIVE;
				GCC_WARN_UNUSED_FUNCTION = YES;
				GCC_WARN_UNUSED_VARIABLE = YES;
				IPHONEOS_DEPLOYMENT_TARGET = 9.3;
				MTL_ENABLE_DEBUG_INFO = NO;
				SDKROOT = iphoneos;
				TARGETED_DEVICE_FAMILY = "1,2";
				VALIDATE_PRODUCT = YES;
			};
			name = Release;
		};
		1AB9957B1D0715D60039FF6E /* Debug */ = {
			isa = XCBuildConfiguration;
			baseConfigurationReference = 94A9B4D6B48C7FDE2CE63B52 /* Pods-Belajar.debug.xcconfig */;
			buildSettings = {
				ASSETCATALOG_COMPILER_APPICON_NAME = AppIcon;
				"CODE_SIGN_IDENTITY[sdk=iphoneos*]" = "iPhone Developer";
				INFOPLIST_FILE = Belajar/Info.plist;
				IPHONEOS_DEPLOYMENT_TARGET = 9.0;
				LD_RUNPATH_SEARCH_PATHS = "$(inherited) @executable_path/Frameworks";
				PRODUCT_BUNDLE_IDENTIFIER = nl.belajar.Belajar;
				PRODUCT_NAME = "$(TARGET_NAME)";
				SWIFT_TREAT_WARNINGS_AS_ERRORS = NO;
				SWIFT_VERSION = 3.0;
			};
			name = Debug;
		};
		1AB9957C1D0715D60039FF6E /* Release */ = {
			isa = XCBuildConfiguration;
			baseConfigurationReference = 395A131BB762C9A8ACC92FA4 /* Pods-Belajar.release.xcconfig */;
			buildSettings = {
				ASSETCATALOG_COMPILER_APPICON_NAME = AppIcon;
				"CODE_SIGN_IDENTITY[sdk=iphoneos*]" = "iPhone Developer";
				INFOPLIST_FILE = Belajar/Info.plist;
				IPHONEOS_DEPLOYMENT_TARGET = 9.0;
				LD_RUNPATH_SEARCH_PATHS = "$(inherited) @executable_path/Frameworks";
				PRODUCT_BUNDLE_IDENTIFIER = nl.belajar.Belajar;
				PRODUCT_NAME = "$(TARGET_NAME)";
				SWIFT_OPTIMIZATION_LEVEL = "-Owholemodule";
				SWIFT_TREAT_WARNINGS_AS_ERRORS = NO;
				SWIFT_VERSION = 3.0;
			};
			name = Release;
		};
		1AB9957E1D0715D60039FF6E /* Debug */ = {
			isa = XCBuildConfiguration;
			baseConfigurationReference = 82E18DE9365388348A3EB668 /* Pods-BelajarTests.debug.xcconfig */;
			buildSettings = {
				BUNDLE_LOADER = "$(TEST_HOST)";
				INFOPLIST_FILE = BelajarTests/Info.plist;
				LD_RUNPATH_SEARCH_PATHS = "$(inherited) @executable_path/Frameworks @loader_path/Frameworks";
				PRODUCT_BUNDLE_IDENTIFIER = nl.belajar.BelajarTests;
				PRODUCT_NAME = "$(TARGET_NAME)";
				SWIFT_VERSION = 3.0;
				TEST_HOST = "$(BUILT_PRODUCTS_DIR)/Belajar.app/Belajar";
			};
			name = Debug;
		};
		1AB9957F1D0715D60039FF6E /* Release */ = {
			isa = XCBuildConfiguration;
			baseConfigurationReference = E244B95621834155FC017459 /* Pods-BelajarTests.release.xcconfig */;
			buildSettings = {
				BUNDLE_LOADER = "$(TEST_HOST)";
				INFOPLIST_FILE = BelajarTests/Info.plist;
				LD_RUNPATH_SEARCH_PATHS = "$(inherited) @executable_path/Frameworks @loader_path/Frameworks";
				PRODUCT_BUNDLE_IDENTIFIER = nl.belajar.BelajarTests;
				PRODUCT_NAME = "$(TARGET_NAME)";
				SWIFT_OPTIMIZATION_LEVEL = "-Owholemodule";
				SWIFT_VERSION = 3.0;
				TEST_HOST = "$(BUILT_PRODUCTS_DIR)/Belajar.app/Belajar";
			};
			name = Release;
		};
		1AB995811D0715D60039FF6E /* Debug */ = {
			isa = XCBuildConfiguration;
			baseConfigurationReference = E1DF65001ED6A2D04087C271 /* Pods-BelajarUITests.debug.xcconfig */;
			buildSettings = {
				INFOPLIST_FILE = BelajarUITests/Info.plist;
				LD_RUNPATH_SEARCH_PATHS = "$(inherited) @executable_path/Frameworks @loader_path/Frameworks";
				PRODUCT_BUNDLE_IDENTIFIER = nl.belajar.BelajarUITests;
				PRODUCT_NAME = "$(TARGET_NAME)";
				SWIFT_VERSION = 3.0;
				TEST_TARGET_NAME = Belajar;
			};
			name = Debug;
		};
		1AB995821D0715D60039FF6E /* Release */ = {
			isa = XCBuildConfiguration;
			baseConfigurationReference = 4D72DC61688F70171D12936A /* Pods-BelajarUITests.release.xcconfig */;
			buildSettings = {
				INFOPLIST_FILE = BelajarUITests/Info.plist;
				LD_RUNPATH_SEARCH_PATHS = "$(inherited) @executable_path/Frameworks @loader_path/Frameworks";
				PRODUCT_BUNDLE_IDENTIFIER = nl.belajar.BelajarUITests;
				PRODUCT_NAME = "$(TARGET_NAME)";
				SWIFT_OPTIMIZATION_LEVEL = "-Owholemodule";
				SWIFT_VERSION = 3.0;
				TEST_TARGET_NAME = Belajar;
			};
			name = Release;
		};
/* End XCBuildConfiguration section */

/* Begin XCConfigurationList section */
		1AB9954D1D0715D60039FF6E /* Build configuration list for PBXProject "Belajar" */ = {
			isa = XCConfigurationList;
			buildConfigurations = (
				1AB995781D0715D60039FF6E /* Debug */,
				1AB995791D0715D60039FF6E /* Release */,
			);
			defaultConfigurationIsVisible = 0;
			defaultConfigurationName = Release;
		};
		1AB9957A1D0715D60039FF6E /* Build configuration list for PBXNativeTarget "Belajar" */ = {
			isa = XCConfigurationList;
			buildConfigurations = (
				1AB9957B1D0715D60039FF6E /* Debug */,
				1AB9957C1D0715D60039FF6E /* Release */,
			);
			defaultConfigurationIsVisible = 0;
			defaultConfigurationName = Release;
		};
		1AB9957D1D0715D60039FF6E /* Build configuration list for PBXNativeTarget "BelajarTests" */ = {
			isa = XCConfigurationList;
			buildConfigurations = (
				1AB9957E1D0715D60039FF6E /* Debug */,
				1AB9957F1D0715D60039FF6E /* Release */,
			);
			defaultConfigurationIsVisible = 0;
			defaultConfigurationName = Release;
		};
		1AB995801D0715D60039FF6E /* Build configuration list for PBXNativeTarget "BelajarUITests" */ = {
			isa = XCConfigurationList;
			buildConfigurations = (
				1AB995811D0715D60039FF6E /* Debug */,
				1AB995821D0715D60039FF6E /* Release */,
			);
			defaultConfigurationIsVisible = 0;
			defaultConfigurationName = Release;
		};
/* End XCConfigurationList section */
	};
	rootObject = 1AB9954A1D0715D60039FF6E /* Project object */;
}
